
Microsoft Visual Studio Solution File, Format Version 12.00
# Visual Studio Version 17
VisualStudioVersion = 17.9.34622.214
MinimumVisualStudioVersion = 10.0.40219.1
Project("{9A19103F-16F7-4668-BE54-9A1E7A4F7556}") = "Product Management System", "Product Management System\Product Management System.csproj", "{697B0508-6F74-4455-AFDF-8B1228FA6B8B}"
EndProject
Project("{FAE04EC0-301F-11D3-BF4B-00C04F79EFBC}") = "BusinessObjects", "BusinessObjects\BusinessObjects.csproj", "{606D4DE6-730A-4B52-8CCC-773825ADD456}"
EndProject
Project("{FAE04EC0-301F-11D3-BF4B-00C04F79EFBC}") = "Services", "Services\Services.csproj", "{A1E79847-1C29-4ECE-982B-9E51D3F4E6E8}"
EndProject
Project("{FAE04EC0-301F-11D3-BF4B-00C04F79EFBC}") = "Repositories", "Repositories\Repositories.csproj", "{33415184-F005-4A55-B199-4CC9588CAE49}"
EndProject
Project("{FAE04EC0-301F-11D3-BF4B-00C04F79EFBC}") = "DataAccessObjects", "DataAccessObjects\DataAccessObjects.csproj", "{A03B6D09-35EC-42C1-BB09-4181D0CEB8A1}"
EndProject
Global
	GlobalSection(SolutionConfigurationPlatforms) = preSolution
		Debug|Any CPU = Debug|Any CPU
		Release|Any CPU = Release|Any CPU
	EndGlobalSection
	GlobalSection(ProjectConfigurationPlatforms) = postSolution
		{697B0508-6F74-4455-AFDF-8B1228FA6B8B}.Debug|Any CPU.ActiveCfg = Debug|Any CPU
		{697B0508-6F74-4455-AFDF-8B1228FA6B8B}.Debug|Any CPU.Build.0 = Debug|Any CPU
		{697B0508-6F74-4455-AFDF-8B1228FA6B8B}.Release|Any CPU.ActiveCfg = Release|Any CPU
		{697B0508-6F74-4455-AFDF-8B1228FA6B8B}.Release|Any CPU.Build.0 = Release|Any CPU
		{606D4DE6-730A-4B52-8CCC-773825ADD456}.Debug|Any CPU.ActiveCfg = Debug|Any CPU
		{606D4DE6-730A-4B52-8CCC-773825ADD456}.Debug|Any CPU.Build.0 = Debug|Any CPU
		{606D4DE6-730A-4B52-8CCC-773825ADD456}.Release|Any CPU.ActiveCfg = Release|Any CPU
		{606D4DE6-730A-4B52-8CCC-773825ADD456}.Release|Any CPU.Build.0 = Release|Any CPU
		{A1E79847-1C29-4ECE-982B-9E51D3F4E6E8}.Debug|Any CPU.ActiveCfg = Debug|Any CPU
		{A1E79847-1C29-4ECE-982B-9E51D3F4E6E8}.Debug|Any CPU.Build.0 = Debug|Any CPU
		{A1E79847-1C29-4ECE-982B-9E51D3F4E6E8}.Release|Any CPU.ActiveCfg = Release|Any CPU
		{A1E79847-1C29-4ECE-982B-9E51D3F4E6E8}.Release|Any CPU.Build.0 = Release|Any CPU
		{33415184-F005-4A55-B199-4CC9588CAE49}.Debug|Any CPU.ActiveCfg = Debug|Any CPU
		{33415184-F005-4A55-B199-4CC9588CAE49}.Debug|Any CPU.Build.0 = Debug|Any CPU
		{33415184-F005-4A55-B199-4CC9588CAE49}.Release|Any CPU.ActiveCfg = Release|Any CPU
		{33415184-F005-4A55-B199-4CC9588CAE49}.Release|Any CPU.Build.0 = Release|Any CPU
		{A03B6D09-35EC-42C1-BB09-4181D0CEB8A1}.Debug|Any CPU.ActiveCfg = Debug|Any CPU
		{A03B6D09-35EC-42C1-BB09-4181D0CEB8A1}.Debug|Any CPU.Build.0 = Debug|Any CPU
		{A03B6D09-35EC-42C1-BB09-4181D0CEB8A1}.Release|Any CPU.ActiveCfg = Release|Any CPU
		{A03B6D09-35EC-42C1-BB09-4181D0CEB8A1}.Release|Any CPU.Build.0 = Release|Any CPU
	EndGlobalSection
	GlobalSection(SolutionProperties) = preSolution
		HideSolutionNode = FALSE
	EndGlobalSection
	GlobalSection(ExtensibilityGlobals) = postSolution
		SolutionGuid = {417B9ED8-A53F-461C-BDA3-173F58053594}
	EndGlobalSection
EndGlobal
